
Microsoft Visual Studio Solution File, Format Version 12.00
# Visual Studio 2013
VisualStudioVersion = 12.0.0.0
MinimumVisualStudioVersion = 10.0.0.1
Project("{FAE04EC0-301F-11D3-BF4B-00C04F79EFBC}") = "Graphs", "Graphs/Graphs.csproj", "{9182D011-9C6B-4E7F-B793-CEE90ACF0B37}"
EndProject
Project("{FAE04EC0-301F-11D3-BF4B-00C04F79EFBC}") = "Graphs.Tests", "Graphs.Tests\Graphs.Tests.csproj", "{BB20AEA1-3373-4EB5-9CCA-94BFBF58D3E5}"
EndProject
Global
	GlobalSection(SolutionConfigurationPlatforms) = preSolution
		Debug|Any CPU = Debug|Any CPU
		Release|Any CPU = Release|Any CPU
	EndGlobalSection
	GlobalSection(ProjectConfigurationPlatforms) = postSolution
		{9182D011-9C6B-4E7F-B793-CEE90ACF0B37}.Debug|Any CPU.ActiveCfg = Debug|Any CPU
		{9182D011-9C6B-4E7F-B793-CEE90ACF0B37}.Debug|Any CPU.Build.0 = Debug|Any CPU
		{9182D011-9C6B-4E7F-B793-CEE90ACF0B37}.Release|Any CPU.ActiveCfg = Release|Any CPU
		{9182D011-9C6B-4E7F-B793-CEE90ACF0B37}.Release|Any CPU.Build.0 = Release|Any CPU
		{BB20AEA1-3373-4EB5-9CCA-94BFBF58D3E5}.Debug|Any CPU.ActiveCfg = Debug|Any CPU
		{BB20AEA1-3373-4EB5-9CCA-94BFBF58D3E5}.Debug|Any CPU.Build.0 = Debug|Any CPU
		{BB20AEA1-3373-4EB5-9CCA-94BFBF58D3E5}.Release|Any CPU.ActiveCfg = Release|Any CPU
		{BB20AEA1-3373-4EB5-9CCA-94BFBF58D3E5}.Release|Any CPU.Build.0 = Release|Any CPU
	EndGlobalSection
	GlobalSection(SolutionProperties) = preSolution
		HideSolutionNode = FALSE
	EndGlobalSection
EndGlobal
